
Microsoft Visual Studio Solution File, Format Version 12.00
# Visual Studio Version 17
VisualStudioVersion = 17.0.31423.177
MinimumVisualStudioVersion = 10.0.40219.1
Project("{9A19103F-16F7-4668-BE54-9A1E7A4F7556}") = "IncomeTaxApi", "IncomeTaxApi.csproj", "{DAAECA9A-634B-440E-BC7F-9CE340B936F7}"
EndProject
Project("{9A19103F-16F7-4668-BE54-9A1E7A4F7556}") = "IncomeTaxApi.Common", "IncomeTaxApi.Common\IncomeTaxApi.Common.csproj", "{1A6D13DE-F56D-4A35-BEE9-DBC3EFBF88B4}"
EndProject
Project("{9A19103F-16F7-4668-BE54-9A1E7A4F7556}") = "IncomeTaxApi.Tests", "Tests\IncomeTaxApi.Tests\IncomeTaxApi.Tests.csproj", "{ECEF93B4-CB72-4097-B3C5-E30ACD0B5125}"
EndProject
Global
	GlobalSection(SolutionConfigurationPlatforms) = preSolution
		Debug|Any CPU = Debug|Any CPU
		Release|Any CPU = Release|Any CPU
	EndGlobalSection
	GlobalSection(ProjectConfigurationPlatforms) = postSolution
		{DAAECA9A-634B-440E-BC7F-9CE340B936F7}.Debug|Any CPU.ActiveCfg = Debug|Any CPU
		{DAAECA9A-634B-440E-BC7F-9CE340B936F7}.Debug|Any CPU.Build.0 = Debug|Any CPU
		{DAAECA9A-634B-440E-BC7F-9CE340B936F7}.Release|Any CPU.ActiveCfg = Release|Any CPU
		{DAAECA9A-634B-440E-BC7F-9CE340B936F7}.Release|Any CPU.Build.0 = Release|Any CPU
		{1A6D13DE-F56D-4A35-BEE9-DBC3EFBF88B4}.Debug|Any CPU.ActiveCfg = Debug|Any CPU
		{1A6D13DE-F56D-4A35-BEE9-DBC3EFBF88B4}.Debug|Any CPU.Build.0 = Debug|Any CPU
		{1A6D13DE-F56D-4A35-BEE9-DBC3EFBF88B4}.Release|Any CPU.ActiveCfg = Release|Any CPU
		{1A6D13DE-F56D-4A35-BEE9-DBC3EFBF88B4}.Release|Any CPU.Build.0 = Release|Any CPU
		{ECEF93B4-CB72-4097-B3C5-E30ACD0B5125}.Debug|Any CPU.ActiveCfg = Debug|Any CPU
		{ECEF93B4-CB72-4097-B3C5-E30ACD0B5125}.Debug|Any CPU.Build.0 = Debug|Any CPU
		{ECEF93B4-CB72-4097-B3C5-E30ACD0B5125}.Release|Any CPU.ActiveCfg = Release|Any CPU
		{ECEF93B4-CB72-4097-B3C5-E30ACD0B5125}.Release|Any CPU.Build.0 = Release|Any CPU
	EndGlobalSection
	GlobalSection(SolutionProperties) = preSolution
		HideSolutionNode = FALSE
	EndGlobalSection
	GlobalSection(ExtensibilityGlobals) = postSolution
		SolutionGuid = {908CA309-6139-4735-BA37-66863EEE59B5}
	EndGlobalSection
EndGlobal
